lockfileVersion: '9.0'

settings:
  autoInstallPeers: true
  excludeLinksFromLockfile: false

importers:

  .:
    devDependencies:
      '@playwright/test':
        specifier: ^1.58.0
        version: 1.58.0
      axe-core:
        specifier: ^4.11.1
        version: 4.11.1
      axe-playwright:
        specifier: ^2.2.2
        version: 2.2.2(playwright@1.58.0)

packages:

  '@playwright/test@1.58.0':
    resolution: {integrity: sha512-fWza+Lpbj6SkQKCrU6si4iu+fD2dD3gxNHFhUPxsfXBPhnv3rRSQVd0NtBUT9Z/RhF/boCBcuUaMUSTRTopjZg==}
    engines: {node: '>=18'}
    hasBin: true

  '@types/junit-report-builder@3.0.2':
    resolution: {integrity: sha512-R5M+SYhMbwBeQcNXYWNCZkl09vkVfAtcPIaCGdzIkkbeaTrVbGQ7HVgi4s+EmM/M1K4ZuWQH0jGcvMvNePfxYA==}

  axe-core@4.11.1:
    resolution: {integrity: sha512-BASOg+YwO2C+346x3LZOeoovTIoTrRqEsqMa6fmfAV0P+U9mFr9NsyOEpiYvFjbc64NMrSswhV50WdXzdb/Z5A==}
    engines: {node: '>=4'}

  axe-html-reporter@2.2.11:
    resolution: {integrity: sha512-WlF+xlNVgNVWiM6IdVrsh+N0Cw7qupe5HT9N6Uyi+aN7f6SSi92RDomiP1noW8OWIV85V6x404m5oKMeqRV3tQ==}
    engines: {node: '>=8.9.0'}
    peerDependencies:
      axe-core: '>=3'

  axe-playwright@2.2.2:
    resolution: {integrity: sha512-h350/grzDCPgpuWV7eEOqr/f61Xn07Gi9f9B3Ew4rW6/nFtpdEJYW6jgRATorgAGXjEAYFTnaY3sEys39wDw4A==}
    peerDependencies:
      playwright: '>1.0.0'

  fsevents@2.3.2:
    resolution: {integrity: sha512-xiqMQR4xAeHTuB9uWm+fFRcIOgKBMiOBP+eXiyT7jsgVCq1bkVygt00oASowB7EdtpOHaaPgKt812P9ab+DDKA==}
    engines: {node: ^8.16.0 || ^10.6.0 || >=11.0.0}
    os: [darwin]

  junit-report-builder@5.1.1:
    resolution: {integrity: sha512-ZNOIIGMzqCGcHQEA2Q4rIQQ3Df6gSIfne+X9Rly9Bc2y55KxAZu8iGv+n2pP0bLf0XAOctJZgeloC54hWzCahQ==}
    engines: {node: '>=16'}

  lodash@4.17.23:
    resolution: {integrity: sha512-LgVTMpQtIopCi79SJeDiP0TfWi5CNEc/L/aRdTh3yIvmZXTnheWpKjSZhnvMl8iXbC1tFg9gdHHDMLoV7CnG+w==}

  make-dir@3.1.0:
    resolution: {integrity: sha512-g3FeP20LNwhALb/6Cz6Dd4F2ngze0jz7tbzrD2wAV+o9FeNHe4rL+yK2md0J/fiSf1sa1ADhXqi5+oVwOM/eGw==}
    engines: {node: '>=8'}

  mustache@4.2.0:
    resolution: {integrity: sha512-71ippSywq5Yb7/tVYyGbkBggbU8H3u5Rz56fH60jGFgr8uHwxs+aSKeqmluIVzM0m0kB7xQjKS6qPfd0b2ZoqQ==}
    hasBin: true

  picocolors@1.1.1:
    resolution: {integrity: sha512-xceH2snhtb5M9liqDsmEw56le376mTZkEX/jEb/RxNFyegNul7eNslCXP9FDj/Lcu0X8KEyMceP2ntpaHrDEVA==}

  playwright-core@1.58.0:
    resolution: {integrity: sha512-aaoB1RWrdNi3//rOeKuMiS65UCcgOVljU46At6eFcOFPFHWtd2weHRRow6z/n+Lec0Lvu0k9ZPKJSjPugikirw==}
    engines: {node: '>=18'}
    hasBin: true

  playwright@1.58.0:
    resolution: {integrity: sha512-2SVA0sbPktiIY/MCOPX8e86ehA/e+tDNq+e5Y8qjKYti2Z/JG7xnronT/TXTIkKbYGWlCbuucZ6dziEgkoEjQQ==}
    engines: {node: '>=18'}
    hasBin: true

  semver@6.3.1:
    resolution: {integrity: sha512-BR7VvDCVHO+q2xBEWskxS6DJE1qRnb7DxzUrogb71CWoSficBxYsiAGd+Kl0mmq/MprG9yArRkyrQxTO6XjMzA==}
    hasBin: true

  xmlbuilder@15.1.1:
    resolution: {integrity: sha512-yMqGBqtXyeN1e3TGYvgNgDVZ3j84W4cwkOXQswghol6APgZWaff9lnbvN7MHYJOiXsvGPXtjTYJEiC9J2wv9Eg==}
    engines: {node: '>=8.0'}

snapshots:

  '@playwright/test@1.58.0':
    dependencies:
      playwright: 1.58.0

  '@types/junit-report-builder@3.0.2': {}

  axe-core@4.11.1: {}

  axe-html-reporter@2.2.11(axe-core@4.11.1):
    dependencies:
      axe-core: 4.11.1
      mustache: 4.2.0

  axe-playwright@2.2.2(playwright@1.58.0):
    dependencies:
      '@types/junit-report-builder': 3.0.2
      axe-core: 4.11.1
      axe-html-reporter: 2.2.11(axe-core@4.11.1)
      junit-report-builder: 5.1.1
      picocolors: 1.1.1
      playwright: 1.58.0

  fsevents@2.3.2:
    optional: true

  junit-report-builder@5.1.1:
    dependencies:
      lodash: 4.17.23
      make-dir: 3.1.0
      xmlbuilder: 15.1.1

  lodash@4.17.23: {}

  make-dir@3.1.0:
    dependencies:
      semver: 6.3.1

  mustache@4.2.0: {}

  picocolors@1.1.1: {}

  playwright-core@1.58.0: {}

  playwright@1.58.0:
    dependencies:
      playwright-core: 1.58.0
    optionalDependencies:
      fsevents: 2.3.2

  semver@6.3.1: {}

  xmlbuilder@15.1.1: {}
